
Microsoft Visual Studio Solution File, Format Version 12.00
# Visual Studio Version 17
VisualStudioVersion = 17.4.33205.214
MinimumVisualStudioVersion = 10.0.40219.1
Project("{FAE04EC0-301F-11D3-BF4B-00C04F79EFBC}") = "gpa calculator", "gpa calculator\gpa calculator.csproj", "{9FF4CEE4-A28D-4AF0-A0DB-F7D28C17A362}"
EndProject
Global
	GlobalSection(SolutionConfigurationPlatforms) = preSolution
		Debug|Any CPU = Debug|Any CPU
		Release|Any CPU = Release|Any CPU
	EndGlobalSection
	GlobalSection(ProjectConfigurationPlatforms) = postSolution
		{9FF4CEE4-A28D-4AF0-A0DB-F7D28C17A362}.Debug|Any CPU.ActiveCfg = Debug|Any CPU
		{9FF4CEE4-A28D-4AF0-A0DB-F7D28C17A362}.Debug|Any CPU.Build.0 = Debug|Any CPU
		{9FF4CEE4-A28D-4AF0-A0DB-F7D28C17A362}.Release|Any CPU.ActiveCfg = Release|Any CPU
		{9FF4CEE4-A28D-4AF0-A0DB-F7D28C17A362}.Release|Any CPU.Build.0 = Release|Any CPU
	EndGlobalSection
	GlobalSection(SolutionProperties) = preSolution
		HideSolutionNode = FALSE
	EndGlobalSection
	GlobalSection(ExtensibilityGlobals) = postSolution
		SolutionGuid = {BB793333-C74D-444F-97A9-8A944E87427D}
	EndGlobalSection
EndGlobal
